// !$*UTF8*$!
{
	archiveVersion = 1;
	classes = {
	};
	objectVersion = 46;
	objects = {

/* Begin PBXBuildFile section */
		07FC797319C52EDA0016B9E8 /* AppDelegate.swift in Sources */ = {isa = PBXBuildFile; fileRef = 07FC797219C52EDA0016B9E8 /* AppDelegate.swift */; };
		07FC797519C52EDA0016B9E8 /* MasterViewController.swift in Sources */ = {isa = PBXBuildFile; fileRef = 07FC797419C52EDA0016B9E8 /* MasterViewController.swift */; };
		07FC797719C52EDA0016B9E8 /* DetailViewController.swift in Sources */ = {isa = PBXBuildFile; fileRef = 07FC797619C52EDA0016B9E8 /* DetailViewController.swift */; };
		07FC797A19C52EDA0016B9E8 /* Main.storyboard in Resources */ = {isa = PBXBuildFile; fileRef = 07FC797819C52EDA0016B9E8 /* Main.storyboard */; };
		07FC797C19C52EDA0016B9E8 /* Images.xcassets in Resources */ = {isa = PBXBuildFile; fileRef = 07FC797B19C52EDA0016B9E8 /* Images.xcassets */; };
		07FC797F19C52EDA0016B9E8 /* LaunchScreen.xib in Resources */ = {isa = PBXBuildFile; fileRef = 07FC797D19C52EDA0016B9E8 /* LaunchScreen.xib */; };
		07FC798B19C52EDA0016B9E8 /* First_appTests.swift in Sources */ = {isa = PBXBuildFile; fileRef = 07FC798A19C52EDA0016B9E8 /* First_appTests.swift */; };
/* End PBXBuildFile section */

/* Begin PBXContainerItemProxy section */
		07FC798519C52EDA0016B9E8 /* PBXContainerItemProxy */ = {
			isa = PBXContainerItemProxy;
			containerPortal = 07FC796519C52EDA0016B9E8 /* Project object */;
			proxyType = 1;
			remoteGlobalIDString = 07FC796C19C52EDA0016B9E8;
			remoteInfo = "First app";
		};
/* End PBXContainerItemProxy section */

/* Begin PBXFileReference section */
		07FC796D19C52EDA0016B9E8 /* First app.app */ = {isa = PBXFileReference; explicitFileType = wrapper.application; includeInIndex = 0; path = "First app.app"; sourceTree = BUILT_PRODUCTS_DIR; };
		07FC797119C52EDA0016B9E8 /* Info.plist */ = {isa = PBXFileReference; lastKnownFileType = text.plist.xml; path = Info.plist; sourceTree = "<group>"; };
		07FC797219C52EDA0016B9E8 /* AppDelegate.swift */ = {isa = PBXFileReference; lastKnownFileType = sourcecode.swift; path = AppDelegate.swift; sourceTree = "<group>"; };
		07FC797419C52EDA0016B9E8 /* MasterViewController.swift */ = {isa = PBXFileReference; lastKnownFileType = sourcecode.swift; path = MasterViewController.swift; sourceTree = "<group>"; };
		07FC797619C52EDA0016B9E8 /* DetailViewController.swift */ = {isa = PBXFileReference; lastKnownFileType = sourcecode.swift; path = DetailViewController.swift; sourceTree = "<group>"; };
		07FC797919C52EDA0016B9E8 /* Base */ = {isa = PBXFileReference; lastKnownFileType = file.storyboard; name = Base; path = Base.lproj/Main.storyboard; sourceTree = "<group>"; };
		07FC797B19C52EDA0016B9E8 /* Images.xcassets */ = {isa = PBXFileReference; lastKnownFileType = folder.assetcatalog; path = Images.xcassets; sourceTree = "<group>"; };
		07FC797E19C52EDA0016B9E8 /* Base */ = {isa = PBXFileReference; lastKnownFileType = file.xib; name = Base; path = Base.lproj/LaunchScreen.xib; sourceTree = "<group>"; };
		07FC798419C52EDA0016B9E8 /* First appTests.xctest */ = {isa = PBXFileReference; explicitFileType = wrapper.cfbundle; includeInIndex = 0; path = "First appTests.xctest"; sourceTree = BUILT_PRODUCTS_DIR; };
		07FC798919C52EDA0016B9E8 /* Info.plist */ = {isa = PBXFileReference; lastKnownFileType = text.plist.xml; path = Info.plist; sourceTree = "<group>"; };
		07FC798A19C52EDA0016B9E8 /* First_appTests.swift */ = {isa = PBXFileReference; lastKnownFileType = sourcecode.swift; path = First_appTests.swift; sourceTree = "<group>"; };
/* End PBXFileReference section */

/* Begin PBXFrameworksBuildPhase section */
		07FC796A19C52EDA0016B9E8 /* Frameworks */ = {
			isa = PBXFrameworksBuildPhase;
			buildActionMask = 2147483647;
			files = (
			);
			runOnlyForDeploymentPostprocessing = 0;
		};
		07FC798119C52EDA0016B9E8 /* Frameworks */ = {
			isa = PBXFrameworksBuildPhase;
			buildActionMask = 2147483647;
			files = (
			);
			runOnlyForDeploymentPostprocessing = 0;
		};
/* End PBXFrameworksBuildPhase section */

/* Begin PBXGroup section */
		07FC796419C52EDA0016B9E8 = {
			isa = PBXGroup;
			children = (
				07FC796F19C52EDA0016B9E8 /* First app */,
				07FC798719C52EDA0016B9E8 /* First appTests */,
				07FC796E19C52EDA0016B9E8 /* Products */,
			);
			sourceTree = "<group>";
		};
		07FC796E19C52EDA0016B9E8 /* Products */ = {
			isa = PBXGroup;
			children = (
				07FC796D19C52EDA0016B9E8 /* First app.app */,
				07FC798419C52EDA0016B9E8 /* First appTests.xctest */,
			);
			name = Products;
			sourceTree = "<group>";
		};
		07FC796F19C52EDA0016B9E8 /* First app */ = {
			isa = PBXGroup;
			children = (
				07FC797219C52EDA0016B9E8 /* AppDelegate.swift */,
				07FC797419C52EDA0016B9E8 /* MasterViewController.swift */,
				07FC797619C52EDA0016B9E8 /* DetailViewController.swift */,
				07FC797819C52EDA0016B9E8 /* Main.storyboard */,
				07FC797B19C52EDA0016B9E8 /* Images.xcassets */,
				07FC797D19C52EDA0016B9E8 /* LaunchScreen.xib */,
				07FC797019C52EDA0016B9E8 /* Supporting Files */,
			);
			path = "First app";
			sourceTree = "<group>";
		};
		07FC797019C52EDA0016B9E8 /* Supporting Files */ = {
			isa = PBXGroup;
			children = (
				07FC797119C52EDA0016B9E8 /* Info.plist */,
			);
			name = "Supporting Files";
			sourceTree = "<group>";
		};
		07FC798719C52EDA0016B9E8 /* First appTests */ = {
			isa = PBXGroup;
			children = (
				07FC798A19C52EDA0016B9E8 /* First_appTests.swift */,
				07FC798819C52EDA0016B9E8 /* Supporting Files */,
			);
			path = "First appTests";
			sourceTree = "<group>";
		};
		07FC798819C52EDA0016B9E8 /* Supporting Files */ = {
			isa = PBXGroup;
			children = (
				07FC798919C52EDA0016B9E8 /* Info.plist */,
			);
			name = "Supporting Files";
			sourceTree = "<group>";
		};
/* End PBXGroup section */

/* Begin PBXNativeTarget section */
		07FC796C19C52EDA0016B9E8 /* First app */ = {
			isa = PBXNativeTarget;
			buildConfigurationList = 07FC798E19C52EDA0016B9E8 /* Build configuration list for PBXNativeTarget "First app" */;
			buildPhases = (
				07FC796919C52EDA0016B9E8 /* Sources */,
				07FC796A19C52EDA0016B9E8 /* Frameworks */,
				07FC796B19C52EDA0016B9E8 /* Resources */,
			);
			buildRules = (
			);
			dependencies = (
			);
			name = "First app";
			productName = "First app";
			productReference = 07FC796D19C52EDA0016B9E8 /* First app.app */;
			productType = "com.apple.product-type.application";
		};
		07FC798319C52EDA0016B9E8 /* First appTests */ = {
			isa = PBXNativeTarget;
			buildConfigurationList = 07FC799119C52EDA0016B9E8 /* Build configuration list for PBXNativeTarget "First appTests" */;
			buildPhases = (
				07FC798019C52EDA0016B9E8 /* Sources */,
				07FC798119C52EDA0016B9E8 /* Frameworks */,
				07FC798219C52EDA0016B9E8 /* Resources */,
			);
			buildRules = (
			);
			dependencies = (
				07FC798619C52EDA0016B9E8 /* PBXTargetDependency */,
			);
			name = "First appTests";
			productName = "First appTests";
			productReference = 07FC798419C52EDA0016B9E8 /* First appTests.xctest */;
			productType = "com.apple.product-type.bundle.unit-test";
		};
/* End PBXNativeTarget section */

/* Begin PBXProject section */
		07FC796519C52EDA0016B9E8 /* Project object */ = {
			isa = PBXProject;
			attributes = {
				LastUpgradeCheck = 0600;
				ORGANIZATIONNAME = "Brandon Harvey";
				TargetAttributes = {
					07FC796C19C52EDA0016B9E8 = {
						CreatedOnToolsVersion = 6.0;
					};
					07FC798319C52EDA0016B9E8 = {
						CreatedOnToolsVersion = 6.0;
						TestTargetID = 07FC796C19C52EDA0016B9E8;
					};
				};
			};
			buildConfigurationList = 07FC796819C52EDA0016B9E8 /* Build configuration list for PBXProject "First app" */;
			compatibilityVersion = "Xcode 3.2";
			developmentRegion = English;
			hasScannedForEncodings = 0;
			knownRegions = (
				en,
				Base,
			);
			mainGroup = 07FC796419C52EDA0016B9E8;
			productRefGroup = 07FC796E19C52EDA0016B9E8 /* Products */;
			projectDirPath = "";
			projectRoot = "";
			targets = (
				07FC796C19C52EDA0016B9E8 /* First app */,
				07FC798319C52EDA0016B9E8 /* First appTests */,
			);
		};
/* End PBXProject section */

/* Begin PBXResourcesBuildPhase section */
		07FC796B19C52EDA0016B9E8 /* Resources */ = {
			isa = PBXResourcesBuildPhase;
			buildActionMask = 2147483647;
			files = (
				07FC797A19C52EDA0016B9E8 /* Main.storyboard in Resources */,
				07FC797F19C52EDA0016B9E8 /* LaunchScreen.xib in Resources */,
				07FC797C19C52EDA0016B9E8 /* Images.xcassets in Resources */,
			);
			runOnlyForDeploymentPostprocessing = 0;
		};
		07FC798219C52EDA0016B9E8 /* Resources */ = {
			isa = PBXResourcesBuildPhase;
			buildActionMask = 2147483647;
			files = (
			);
			runOnlyForDeploymentPostprocessing = 0;
		};
/* End PBXResourcesBuildPhase section */

/* Begin PBXSourcesBuildPhase section */
		07FC796919C52EDA0016B9E8 /* Sources */ = {
			isa = PBXSourcesBuildPhase;
			buildActionMask = 2147483647;
			files = (
				07FC797719C52EDA0016B9E8 /* DetailViewController.swift in Sources */,
				07FC797519C52EDA0016B9E8 /* MasterViewController.swift in Sources */,
				07FC797319C52EDA0016B9E8 /* AppDelegate.swift in Sources */,
			);
			runOnlyForDeploymentPostprocessing = 0;
		};
		07FC798019C52EDA0016B9E8 /* Sources */ = {
			isa = PBXSourcesBuildPhase;
			buildActionMask = 2147483647;
			files = (
				07FC798B19C52EDA0016B9E8 /* First_appTests.swift in Sources */,
			);
			runOnlyForDeploymentPostprocessing = 0;
		};
/* End PBXSourcesBuildPhase section */

/* Begin PBXTargetDependency section */
		07FC798619C52EDA0016B9E8 /* PBXTargetDependency */ = {
			isa = PBXTargetDependency;
			target = 07FC796C19C52EDA0016B9E8 /* First app */;
			targetProxy = 07FC798519C52EDA0016B9E8 /* PBXContainerItemProxy */;
		};
/* End PBXTargetDependency section */

/* Begin PBXVariantGroup section */
		07FC797819C52EDA0016B9E8 /* Main.storyboard */ = {
			isa = PBXVariantGroup;
			children = (
				07FC797919C52EDA0016B9E8 /* Base */,
			);
			name = Main.storyboard;
			sourceTree = "<group>";
		};
		07FC797D19C52EDA0016B9E8 /* LaunchScreen.xib */ = {
			isa = PBXVariantGroup;
			children = (
				07FC797E19C52EDA0016B9E8 /* Base */,
			);
			name = LaunchScreen.xib;
			sourceTree = "<group>";
		};
/* End PBXVariantGroup section */

/* Begin XCBuildConfiguration section */
		07FC798C19C52EDA0016B9E8 /* Debug */ = {
			isa = XCBuildConfiguration;
			buildSettings = {
				ALWAYS_SEARCH_USER_PATHS = NO;
				CLANG_CXX_LANGUAGE_STANDARD = "gnu++0x";
				CLANG_CXX_LIBRARY = "libc++";
				CLANG_ENABLE_MODULES = YES;
				CLANG_ENABLE_OBJC_ARC = YES;
				CLANG_WARN_BOOL_CONVERSION = YES;
				CLANG_WARN_CONSTANT_CONVERSION = YES;
				CLANG_WARN_DIRECT_OBJC_ISA_USAGE = YES_ERROR;
				CLANG_WARN_EMPTY_BODY = YES;
				CLANG_WARN_ENUM_CONVERSION = YES;
				CLANG_WARN_INT_CONVERSION = YES;
				CLANG_WARN_OBJC_ROOT_CLASS = YES_ERROR;
				CLANG_WARN_UNREACHABLE_CODE = YES;
				CLANG_WARN__DUPLICATE_METHOD_MATCH = YES;
				"CODE_SIGN_IDENTITY[sdk=iphoneos*]" = "iPhone Developer";
				COPY_PHASE_STRIP = NO;
				ENABLE_STRICT_OBJC_MSGSEND = YES;
				GCC_C_LANGUAGE_STANDARD = gnu99;
				GCC_DYNAMIC_NO_PIC = NO;
				GCC_OPTIMIZATION_LEVEL = 0;
				GCC_PREPROCESSOR_DEFINITIONS = (
					"DEBUG=1",
					"$(inherited)",
				);
				GCC_SYMBOLS_PRIVATE_EXTERN = NO;
				GCC_WARN_64_TO_32_BIT_CONVERSION = YES;
				GCC_WARN_ABOUT_RETURN_TYPE = YES_ERROR;
				GCC_WARN_UNDECLARED_SELECTOR = YES;
				GCC_WARN_UNINITIALIZED_AUTOS = YES_AGGRESSIVE;
				GCC_WARN_UNUSED_FUNCTION = YES;
				GCC_WARN_UNUSED_VARIABLE = YES;
				IPHONEOS_DEPLOYMENT_TARGET = 8.0;
				MTL_ENABLE_DEBUG_INFO = YES;
				ONLY_ACTIVE_ARCH = YES;
				SDKROOT = iphoneos;
				SWIFT_OPTIMIZATION_LEVEL = "-Onone";
				TARGETED_DEVICE_FAMILY = "1,2";
			};
			name = Debug;
		};
		07FC798D19C52EDA0016B9E8 /* Release */ = {
			isa = XCBuildConfiguration;
			buildSettings = {
				ALWAYS_SEARCH_USER_PATHS = NO;
				CLANG_CXX_LANGUAGE_STANDARD = "gnu++0x";
				CLANG_CXX_LIBRARY = "libc++";
				CLANG_ENABLE_MODULES = YES;
				CLANG_ENABLE_OBJC_ARC = YES;
				CLANG_WARN_BOOL_CONVERSION = YES;
				CLANG_WARN_CONSTANT_CONVERSION = YES;
				CLANG_WARN_DIRECT_OBJC_ISA_USAGE = YES_ERROR;
				CLANG_WARN_EMPTY_BODY = YES;
				CLANG_WARN_ENUM_CONVERSION = YES;
				CLANG_WARN_INT_CONVERSION = YES;
				CLANG_WARN_OBJC_ROOT_CLASS = YES_ERROR;
				CLANG_WARN_UNREACHABLE_CODE = YES;
				CLANG_WARN__DUPLICATE_METHOD_MATCH = YES;
				"CODE_SIGN_IDENTITY[sdk=iphoneos*]" = "iPhone Developer";
				COPY_PHASE_STRIP = YES;
				ENABLE_NS_ASSERTIONS = NO;
				ENABLE_STRICT_OBJC_MSGSEND = YES;
				GCC_C_LANGUAGE_STANDARD = gnu99;
				GCC_WARN_64_TO_32_BIT_CONVERSION = YES;
				GCC_WARN_ABOUT_RETURN_TYPE = YES_ERROR;
				GCC_WARN_UNDECLARED_SELECTOR = YES;
				GCC_WARN_UNINITIALIZED_AUTOS = YES_AGGRESSIVE;
				GCC_WARN_UNUSED_FUNCTION = YES;
				GCC_WARN_UNUSED_VARIABLE = YES;
				IPHONEOS_DEPLOYMENT_TARGET = 8.0;
				MTL_ENABLE_DEBUG_INFO = NO;
				SDKROOT = iphoneos;
				TARGETED_DEVICE_FAMILY = "1,2";
				VALIDATE_PRODUCT = YES;
			};
			name = Release;
		};
		07FC798F19C52EDA0016B9E8 /* Debug */ = {
			isa = XCBuildConfiguration;
			buildSettings = {
				ASSETCATALOG_COMPILER_APPICON_NAME = AppIcon;
				INFOPLIST_FILE = "First app/Info.plist";
				LD_RUNPATH_SEARCH_PATHS = "$(inherited) @executable_path/Frameworks";
				PRODUCT_NAME = "$(TARGET_NAME)";
			};
			name = Debug;
		};
		07FC799019C52EDA0016B9E8 /* Release */ = {
			isa = XCBuildConfiguration;
			buildSettings = {
				ASSETCATALOG_COMPILER_APPICON_NAME = AppIcon;
				INFOPLIST_FILE = "First app/Info.plist";
				LD_RUNPATH_SEARCH_PATHS = "$(inherited) @executable_path/Frameworks";
				PRODUCT_NAME = "$(TARGET_NAME)";
			};
			name = Release;
		};
		07FC799219C52EDA0016B9E8 /* Debug */ = {
			isa = XCBuildConfiguration;
			buildSettings = {
				BUNDLE_LOADER = "$(TEST_HOST)";
				FRAMEWORK_SEARCH_PATHS = (
					"$(SDKROOT)/Developer/Library/Frameworks",
					"$(inherited)",
				);
				GCC_PREPROCESSOR_DEFINITIONS = (
					"DEBUG=1",
					"$(inherited)",
				);
				INFOPLIST_FILE = "First appTests/Info.plist";
				LD_RUNPATH_SEARCH_PATHS = "$(inherited) @executable_path/Frameworks @loader_path/Frameworks";
				PRODUCT_NAME = "$(TARGET_NAME)";
				TEST_HOST = "$(BUILT_PRODUCTS_DIR)/First app.app/First app";
			};
			name = Debug;
		};
		07FC799319C52EDA0016B9E8 /* Release */ = {
			isa = XCBuildConfiguration;
			buildSettings = {
				BUNDLE_LOADER = "$(TEST_HOST)";
				FRAMEWORK_SEARCH_PATHS = (
					"$(SDKROOT)/Developer/Library/Frameworks",
					"$(inherited)",
				);
				INFOPLIST_FILE = "First appTests/Info.plist";
				LD_RUNPATH_SEARCH_PATHS = "$(inherited) @executable_path/Frameworks @loader_path/Frameworks";
				PRODUCT_NAME = "$(TARGET_NAME)";
				TEST_HOST = "$(BUILT_PRODUCTS_DIR)/First app.app/First app";
			};
			name = Release;
		};
/* End XCBuildConfiguration section */

/* Begin XCConfigurationList section */
		07FC796819C52EDA0016B9E8 /* Build configuration list for PBXProject "First app" */ = {
			isa = XCConfigurationList;
			buildConfigurations = (
				07FC798C19C52EDA0016B9E8 /* Debug */,
				07FC798D19C52EDA0016B9E8 /* Release */,
			);
			defaultConfigurationIsVisible = 0;
			defaultConfigurationName = Release;
		};
		07FC798E19C52EDA0016B9E8 /* Build configuration list for PBXNativeTarget "First app" */ = {
			isa = XCConfigurationList;
			buildConfigurations = (
				07FC798F19C52EDA0016B9E8 /* Debug */,
				07FC799019C52EDA0016B9E8 /* Release */,
			);
			defaultConfigurationIsVisible = 0;
		};
		07FC799119C52EDA0016B9E8 /* Build configuration list for PBXNativeTarget "First appTests" */ = {
			isa = XCConfigurationList;
			buildConfigurations = (
				07FC799219C52EDA0016B9E8 /* Debug */,
				07FC799319C52EDA0016B9E8 /* Release */,
			);
			defaultConfigurationIsVisible = 0;
		};
/* End XCConfigurationList section */
	};
	rootObject = 07FC796519C52EDA0016B9E8 /* Project object */;
}
